// !$*UTF8*$!
{
	archiveVersion = 1;
	classes = {
	};
	objectVersion = 56;
	objects = {

/* Begin PBXBuildFile section */
		8C071AE82A3E07AD005C2FA2 /* EasyBLE in Frameworks */ = {isa = PBXBuildFile; productRef = 8C071AE72A3E07AD005C2FA2 /* EasyBLE */; };
		8C389B992A3C9C5500101CC5 /* KleidungApp.swift in Sources */ = {isa = PBXBuildFile; fileRef = 8C389B982A3C9C5500101CC5 /* KleidungApp.swift */; };
		8C389B9B2A3C9C5500101CC5 /* ContentView.swift in Sources */ = {isa = PBXBuildFile; fileRef = 8C389B9A2A3C9C5500101CC5 /* ContentView.swift */; };
		8C389B9D2A3C9C5600101CC5 /* Assets.xcassets in Resources */ = {isa = PBXBuildFile; fileRef = 8C389B9C2A3C9C5600101CC5 /* Assets.xcassets */; };
		8C389BA02A3C9C5600101CC5 /* Preview Assets.xcassets in Resources */ = {isa = PBXBuildFile; fileRef = 8C389B9F2A3C9C5600101CC5 /* Preview Assets.xcassets */; };
		8C389BAA2A3C9C5600101CC5 /* KleidungTests.swift in Sources */ = {isa = PBXBuildFile; fileRef = 8C389BA92A3C9C5600101CC5 /* KleidungTests.swift */; };
		8C389BB42A3C9C5600101CC5 /* KleidungUITests.swift in Sources */ = {isa = PBXBuildFile; fileRef = 8C389BB32A3C9C5600101CC5 /* KleidungUITests.swift */; };
		8C389BB62A3C9C5600101CC5 /* KleidungUITestsLaunchTests.swift in Sources */ = {isa = PBXBuildFile; fileRef = 8C389BB52A3C9C5600101CC5 /* KleidungUITestsLaunchTests.swift */; };
		8C810C9A2A408E2800B5F28B /* EasyStash in Frameworks */ = {isa = PBXBuildFile; productRef = 8C810C992A408E2800B5F28B /* EasyStash */; };
/* End PBXBuildFile section */

/* Begin PBXContainerItemProxy section */
		8C389BA62A3C9C5600101CC5 /* PBXContainerItemProxy */ = {
			isa = PBXContainerItemProxy;
			containerPortal = 8C389B8D2A3C9C5500101CC5 /* Project object */;
			proxyType = 1;
			remoteGlobalIDString = 8C389B942A3C9C5500101CC5;
			remoteInfo = Kleidung;
		};
		8C389BB02A3C9C5600101CC5 /* PBXContainerItemProxy */ = {
			isa = PBXContainerItemProxy;
			containerPortal = 8C389B8D2A3C9C5500101CC5 /* Project object */;
			proxyType = 1;
			remoteGlobalIDString = 8C389B942A3C9C5500101CC5;
			remoteInfo = Kleidung;
		};
/* End PBXContainerItemProxy section */

/* Begin PBXFileReference section */
		8C389B952A3C9C5500101CC5 /* Kleidung.app */ = {isa = PBXFileReference; explicitFileType = wrapper.application; includeInIndex = 0; path = Kleidung.app; sourceTree = BUILT_PRODUCTS_DIR; };
		8C389B982A3C9C5500101CC5 /* KleidungApp.swift */ = {isa = PBXFileReference; lastKnownFileType = sourcecode.swift; path = KleidungApp.swift; sourceTree = "<group>"; };
		8C389B9A2A3C9C5500101CC5 /* ContentView.swift */ = {isa = PBXFileReference; lastKnownFileType = sourcecode.swift; path = ContentView.swift; sourceTree = "<group>"; };
		8C389B9C2A3C9C5600101CC5 /* Assets.xcassets */ = {isa = PBXFileReference; lastKnownFileType = folder.assetcatalog; path = Assets.xcassets; sourceTree = "<group>"; };
		8C389B9F2A3C9C5600101CC5 /* Preview Assets.xcassets */ = {isa = PBXFileReference; lastKnownFileType = folder.assetcatalog; path = "Preview Assets.xcassets"; sourceTree = "<group>"; };
		8C389BA52A3C9C5600101CC5 /* KleidungTests.xctest */ = {isa = PBXFileReference; explicitFileType = wrapper.cfbundle; includeInIndex = 0; path = KleidungTests.xctest; sourceTree = BUILT_PRODUCTS_DIR; };
		8C389BA92A3C9C5600101CC5 /* KleidungTests.swift */ = {isa = PBXFileReference; lastKnownFileType = sourcecode.swift; path = KleidungTests.swift; sourceTree = "<group>"; };
		8C389BAF2A3C9C5600101CC5 /* KleidungUITests.xctest */ = {isa = PBXFileReference; explicitFileType = wrapper.cfbundle; includeInIndex = 0; path = KleidungUITests.xctest; sourceTree = BUILT_PRODUCTS_DIR; };
		8C389BB32A3C9C5600101CC5 /* KleidungUITests.swift */ = {isa = PBXFileReference; lastKnownFileType = sourcecode.swift; path = KleidungUITests.swift; sourceTree = "<group>"; };
		8C389BB52A3C9C5600101CC5 /* KleidungUITestsLaunchTests.swift */ = {isa = PBXFileReference; lastKnownFileType = sourcecode.swift; path = KleidungUITestsLaunchTests.swift; sourceTree = "<group>"; };
		8CCB910F2A41630E007EC51C /* Info.plist */ = {isa = PBXFileReference; lastKnownFileType = text.plist; path = Info.plist; sourceTree = "<group>"; };
/* End PBXFileReference section */

/* Begin PBXFrameworksBuildPhase section */
		8C389B922A3C9C5500101CC5 /* Frameworks */ = {
			isa = PBXFrameworksBuildPhase;
			buildActionMask = 2147483647;
			files = (
				8C810C9A2A408E2800B5F28B /* EasyStash in Frameworks */,
				8C071AE82A3E07AD005C2FA2 /* EasyBLE in Frameworks */,
			);
			runOnlyForDeploymentPostprocessing = 0;
		};
		8C389BA22A3C9C5600101CC5 /* Frameworks */ = {
			isa = PBXFrameworksBuildPhase;
			buildActionMask = 2147483647;
			files = (
			);
			runOnlyForDeploymentPostprocessing = 0;
		};
		8C389BAC2A3C9C5600101CC5 /* Frameworks */ = {
			isa = PBXFrameworksBuildPhase;
			buildActionMask = 2147483647;
			files = (
			);
			runOnlyForDeploymentPostprocessing = 0;
		};
/* End PBXFrameworksBuildPhase section */

/* Begin PBXGroup section */
		8C389B8C2A3C9C5500101CC5 = {
			isa = PBXGroup;
			children = (
				8C389B972A3C9C5500101CC5 /* Kleidung */,
				8C389BA82A3C9C5600101CC5 /* KleidungTests */,
				8C389BB22A3C9C5600101CC5 /* KleidungUITests */,
				8C389B962A3C9C5500101CC5 /* Products */,
			);
			sourceTree = "<group>";
		};
		8C389B962A3C9C5500101CC5 /* Products */ = {
			isa = PBXGroup;
			children = (
				8C389B952A3C9C5500101CC5 /* Kleidung.app */,
				8C389BA52A3C9C5600101CC5 /* KleidungTests.xctest */,
				8C389BAF2A3C9C5600101CC5 /* KleidungUITests.xctest */,
			);
			name = Products;
			sourceTree = "<group>";
		};
		8C389B972A3C9C5500101CC5 /* Kleidung */ = {
			isa = PBXGroup;
			children = (
				8CCB910F2A41630E007EC51C /* Info.plist */,
				8C389B982A3C9C5500101CC5 /* KleidungApp.swift */,
				8C389B9A2A3C9C5500101CC5 /* ContentView.swift */,
				8C389B9C2A3C9C5600101CC5 /* Assets.xcassets */,
				8C389B9E2A3C9C5600101CC5 /* Preview Content */,
			);
			path = Kleidung;
			sourceTree = "<group>";
		};
		8C389B9E2A3C9C5600101CC5 /* Preview Content */ = {
			isa = PBXGroup;
			children = (
				8C389B9F2A3C9C5600101CC5 /* Preview Assets.xcassets */,
			);
			path = "Preview Content";
			sourceTree = "<group>";
		};
		8C389BA82A3C9C5600101CC5 /* KleidungTests */ = {
			isa = PBXGroup;
			children = (
				8C389BA92A3C9C5600101CC5 /* KleidungTests.swift */,
			);
			path = KleidungTests;
			sourceTree = "<group>";
		};
		8C389BB22A3C9C5600101CC5 /* KleidungUITests */ = {
			isa = PBXGroup;
			children = (
				8C389BB32A3C9C5600101CC5 /* KleidungUITests.swift */,
				8C389BB52A3C9C5600101CC5 /* KleidungUITestsLaunchTests.swift */,
			);
			path = KleidungUITests;
			sourceTree = "<group>";
		};
/* End PBXGroup section */

/* Begin PBXNativeTarget section */
		8C389B942A3C9C5500101CC5 /* Kleidung */ = {
			isa = PBXNativeTarget;
			buildConfigurationList = 8C389BB92A3C9C5600101CC5 /* Build configuration list for PBXNativeTarget "Kleidung" */;
			buildPhases = (
				8C389B912A3C9C5500101CC5 /* Sources */,
				8C389B922A3C9C5500101CC5 /* Frameworks */,
				8C389B932A3C9C5500101CC5 /* Resources */,
			);
			buildRules = (
			);
			dependencies = (
			);
			name = Kleidung;
			packageProductDependencies = (
				8C071AE72A3E07AD005C2FA2 /* EasyBLE */,
				8C810C992A408E2800B5F28B /* EasyStash */,
			);
			productName = Kleidung;
			productReference = 8C389B952A3C9C5500101CC5 /* Kleidung.app */;
			productType = "com.apple.product-type.application";
		};
		8C389BA42A3C9C5600101CC5 /* KleidungTests */ = {
			isa = PBXNativeTarget;
			buildConfigurationList = 8C389BBC2A3C9C5600101CC5 /* Build configuration list for PBXNativeTarget "KleidungTests" */;
			buildPhases = (
				8C389BA12A3C9C5600101CC5 /* Sources */,
				8C389BA22A3C9C5600101CC5 /* Frameworks */,
				8C389BA32A3C9C5600101CC5 /* Resources */,
			);
			buildRules = (
			);
			dependencies = (
				8C389BA72A3C9C5600101CC5 /* PBXTargetDependency */,
			);
			name = KleidungTests;
			productName = KleidungTests;
			productReference = 8C389BA52A3C9C5600101CC5 /* KleidungTests.xctest */;
			productType = "com.apple.product-type.bundle.unit-test";
		};
		8C389BAE2A3C9C5600101CC5 /* KleidungUITests */ = {
			isa = PBXNativeTarget;
			buildConfigurationList = 8C389BBF2A3C9C5600101CC5 /* Build configuration list for PBXNativeTarget "KleidungUITests" */;
			buildPhases = (
				8C389BAB2A3C9C5600101CC5 /* Sources */,
				8C389BAC2A3C9C5600101CC5 /* Frameworks */,
				8C389BAD2A3C9C5600101CC5 /* Resources */,
			);
			buildRules = (
			);
			dependencies = (
				8C389BB12A3C9C5600101CC5 /* PBXTargetDependency */,
			);
			name = KleidungUITests;
			productName = KleidungUITests;
			productReference = 8C389BAF2A3C9C5600101CC5 /* KleidungUITests.xctest */;
			productType = "com.apple.product-type.bundle.ui-testing";
		};
/* End PBXNativeTarget section */

/* Begin PBXProject section */
		8C389B8D2A3C9C5500101CC5 /* Project object */ = {
			isa = PBXProject;
			attributes = {
				BuildIndependentTargetsInParallel = 1;
				LastSwiftUpdateCheck = 1500;
				LastUpgradeCheck = 1500;
				TargetAttributes = {
					8C389B942A3C9C5500101CC5 = {
						CreatedOnToolsVersion = 15.0;
					};
					8C389BA42A3C9C5600101CC5 = {
						CreatedOnToolsVersion = 15.0;
						TestTargetID = 8C389B942A3C9C5500101CC5;
					};
					8C389BAE2A3C9C5600101CC5 = {
						CreatedOnToolsVersion = 15.0;
						TestTargetID = 8C389B942A3C9C5500101CC5;
					};
				};
			};
			buildConfigurationList = 8C389B902A3C9C5500101CC5 /* Build configuration list for PBXProject "Kleidung" */;
			compatibilityVersion = "Xcode 14.0";
			developmentRegion = en;
			hasScannedForEncodings = 0;
			knownRegions = (
				en,
				Base,
			);
			mainGroup = 8C389B8C2A3C9C5500101CC5;
			packageReferences = (
				8C071AE62A3E07AD005C2FA2 /* XCRemoteSwiftPackageReference "EasyBLE" */,
				8C810C982A408E2800B5F28B /* XCRemoteSwiftPackageReference "EasyStash" */,
			);
			productRefGroup = 8C389B962A3C9C5500101CC5 /* Products */;
			projectDirPath = "";
			projectRoot = "";
			targets = (
				8C389B942A3C9C5500101CC5 /* Kleidung */,
				8C389BA42A3C9C5600101CC5 /* KleidungTests */,
				8C389BAE2A3C9C5600101CC5 /* KleidungUITests */,
			);
		};
/* End PBXProject section */

/* Begin PBXResourcesBuildPhase section */
		8C389B932A3C9C5500101CC5 /* Resources */ = {
			isa = PBXResourcesBuildPhase;
			buildActionMask = 2147483647;
			files = (
				8C389BA02A3C9C5600101CC5 /* Preview Assets.xcassets in Resources */,
				8C389B9D2A3C9C5600101CC5 /* Assets.xcassets in Resources */,
			);
			runOnlyForDeploymentPostprocessing = 0;
		};
		8C389BA32A3C9C5600101CC5 /* Resources */ = {
			isa = PBXResourcesBuildPhase;
			buildActionMask = 2147483647;
			files = (
			);
			runOnlyForDeploymentPostprocessing = 0;
		};
		8C389BAD2A3C9C5600101CC5 /* Resources */ = {
			isa = PBXResourcesBuildPhase;
			buildActionMask = 2147483647;
			files = (
			);
			runOnlyForDeploymentPostprocessing = 0;
		};
/* End PBXResourcesBuildPhase section */

/* Begin PBXSourcesBuildPhase section */
		8C389B912A3C9C5500101CC5 /* Sources */ = {
			isa = PBXSourcesBuildPhase;
			buildActionMask = 2147483647;
			files = (
				8C389B9B2A3C9C5500101CC5 /* ContentView.swift in Sources */,
				8C389B992A3C9C5500101CC5 /* KleidungApp.swift in Sources */,
			);
			runOnlyForDeploymentPostprocessing = 0;
		};
		8C389BA12A3C9C5600101CC5 /* Sources */ = {
			isa = PBXSourcesBuildPhase;
			buildActionMask = 2147483647;
			files = (
				8C389BAA2A3C9C5600101CC5 /* KleidungTests.swift in Sources */,
			);
			runOnlyForDeploymentPostprocessing = 0;
		};
		8C389BAB2A3C9C5600101CC5 /* Sources */ = {
			isa = PBXSourcesBuildPhase;
			buildActionMask = 2147483647;
			files = (
				8C389BB62A3C9C5600101CC5 /* KleidungUITestsLaunchTests.swift in Sources */,
				8C389BB42A3C9C5600101CC5 /* KleidungUITests.swift in Sources */,
			);
			runOnlyForDeploymentPostprocessing = 0;
		};
/* End PBXSourcesBuildPhase section */

/* Begin PBXTargetDependency section */
		8C389BA72A3C9C5600101CC5 /* PBXTargetDependency */ = {
			isa = PBXTargetDependency;
			target = 8C389B942A3C9C5500101CC5 /* Kleidung */;
			targetProxy = 8C389BA62A3C9C5600101CC5 /* PBXContainerItemProxy */;
		};
		8C389BB12A3C9C5600101CC5 /* PBXTargetDependency */ = {
			isa = PBXTargetDependency;
			target = 8C389B942A3C9C5500101CC5 /* Kleidung */;
			targetProxy = 8C389BB02A3C9C5600101CC5 /* PBXContainerItemProxy */;
		};
/* End PBXTargetDependency section */

/* Begin XCBuildConfiguration section */
		8C389BB72A3C9C5600101CC5 /* Debug */ = {
			isa = XCBuildConfiguration;
			buildSettings = {
				ALWAYS_SEARCH_USER_PATHS = NO;
				ASSETCATALOG_COMPILER_GENERATE_SWIFT_ASSET_SYMBOL_EXTENSIONS = YES;
				CLANG_ANALYZER_NONNULL = YES;
				CLANG_ANALYZER_NUMBER_OBJECT_CONVERSION = YES_AGGRESSIVE;
				CLANG_CXX_LANGUAGE_STANDARD = "gnu++20";
				CLANG_ENABLE_MODULES = YES;
				CLANG_ENABLE_OBJC_ARC = YES;
				CLANG_ENABLE_OBJC_WEAK = YES;
				CLANG_WARN_BLOCK_CAPTURE_AUTORELEASING = YES;
				CLANG_WARN_BOOL_CONVERSION = YES;
				CLANG_WARN_COMMA = YES;
				CLANG_WARN_CONSTANT_CONVERSION = YES;
				CLANG_WARN_DEPRECATED_OBJC_IMPLEMENTATIONS = YES;
				CLANG_WARN_DIRECT_OBJC_ISA_USAGE = YES_ERROR;
				CLANG_WARN_DOCUMENTATION_COMMENTS = YES;
				CLANG_WARN_EMPTY_BODY = YES;
				CLANG_WARN_ENUM_CONVERSION = YES;
				CLANG_WARN_INFINITE_RECURSION = YES;
				CLANG_WARN_INT_CONVERSION = YES;
				CLANG_WARN_NON_LITERAL_NULL_CONVERSION = YES;
				CLANG_WARN_OBJC_IMPLICIT_RETAIN_SELF = YES;
				CLANG_WARN_OBJC_LITERAL_CONVERSION = YES;
				CLANG_WARN_OBJC_ROOT_CLASS = YES_ERROR;
				CLANG_WARN_QUOTED_INCLUDE_IN_FRAMEWORK_HEADER = YES;
				CLANG_WARN_RANGE_LOOP_ANALYSIS = YES;
				CLANG_WARN_STRICT_PROTOTYPES = YES;
				CLANG_WARN_SUSPICIOUS_MOVE = YES;
				CLANG_WARN_UNGUARDED_AVAILABILITY = YES_AGGRESSIVE;
				CLANG_WARN_UNREACHABLE_CODE = YES;
				CLANG_WARN__DUPLICATE_METHOD_MATCH = YES;
				COPY_PHASE_STRIP = NO;
				DEBUG_INFORMATION_FORMAT = dwarf;
				ENABLE_STRICT_OBJC_MSGSEND = YES;
				ENABLE_TESTABILITY = YES;
				ENABLE_USER_SCRIPT_SANDBOXING = YES;
				GCC_C_LANGUAGE_STANDARD = gnu17;
				GCC_DYNAMIC_NO_PIC = NO;
				GCC_NO_COMMON_BLOCKS = YES;
				GCC_OPTIMIZATION_LEVEL = 0;
				GCC_PREPROCESSOR_DEFINITIONS = (
					"DEBUG=1",
					"$(inherited)",
				);
				GCC_WARN_64_TO_32_BIT_CONVERSION = YES;
				GCC_WARN_ABOUT_RETURN_TYPE = YES_ERROR;
				GCC_WARN_UNDECLARED_SELECTOR = YES;
				GCC_WARN_UNINITIALIZED_AUTOS = YES_AGGRESSIVE;
				GCC_WARN_UNUSED_FUNCTION = YES;
				GCC_WARN_UNUSED_VARIABLE = YES;
				IPHONEOS_DEPLOYMENT_TARGET = 17.0;
				LOCALIZATION_PREFERS_STRING_CATALOGS = YES;
				MTL_ENABLE_DEBUG_INFO = INCLUDE_SOURCE;
				MTL_FAST_MATH = YES;
				ONLY_ACTIVE_ARCH = YES;
				SDKROOT = iphoneos;
				SWIFT_ACTIVE_COMPILATION_CONDITIONS = "DEBUG $(inherited)";
				SWIFT_OPTIMIZATION_LEVEL = "-Onone";
			};
			name = Debug;
		};
		8C389BB82A3C9C5600101CC5 /* Release */ = {
			isa = XCBuildConfiguration;
			buildSettings = {
				ALWAYS_SEARCH_USER_PATHS = NO;
				ASSETCATALOG_COMPILER_GENERATE_SWIFT_ASSET_SYMBOL_EXTENSIONS = YES;
				CLANG_ANALYZER_NONNULL = YES;
				CLANG_ANALYZER_NUMBER_OBJECT_CONVERSION = YES_AGGRESSIVE;
				CLANG_CXX_LANGUAGE_STANDARD = "gnu++20";
				CLANG_ENABLE_MODULES = YES;
				CLANG_ENABLE_OBJC_ARC = YES;
				CLANG_ENABLE_OBJC_WEAK = YES;
				CLANG_WARN_BLOCK_CAPTURE_AUTORELEASING = YES;
				CLANG_WARN_BOOL_CONVERSION = YES;
				CLANG_WARN_COMMA = YES;
				CLANG_WARN_CONSTANT_CONVERSION = YES;
				CLANG_WARN_DEPRECATED_OBJC_IMPLEMENTATIONS = YES;
				CLANG_WARN_DIRECT_OBJC_ISA_USAGE = YES_ERROR;
				CLANG_WARN_DOCUMENTATION_COMMENTS = YES;
				CLANG_WARN_EMPTY_BODY = YES;
				CLANG_WARN_ENUM_CONVERSION = YES;
				CLANG_WARN_INFINITE_RECURSION = YES;
				CLANG_WARN_INT_CONVERSION = YES;
				CLANG_WARN_NON_LITERAL_NULL_CONVERSION = YES;
				CLANG_WARN_OBJC_IMPLICIT_RETAIN_SELF = YES;
				CLANG_WARN_OBJC_LITERAL_CONVERSION = YES;
				CLANG_WARN_OBJC_ROOT_CLASS = YES_ERROR;
				CLANG_WARN_QUOTED_INCLUDE_IN_FRAMEWORK_HEADER = YES;
				CLANG_WARN_RANGE_LOOP_ANALYSIS = YES;
				CLANG_WARN_STRICT_PROTOTYPES = YES;
				CLANG_WARN_SUSPICIOUS_MOVE = YES;
				CLANG_WARN_UNGUARDED_AVAILABILITY = YES_AGGRESSIVE;
				CLANG_WARN_UNREACHABLE_CODE = YES;
				CLANG_WARN__DUPLICATE_METHOD_MATCH = YES;
				COPY_PHASE_STRIP = NO;
				DEBUG_INFORMATION_FORMAT = "dwarf-with-dsym";
				ENABLE_NS_ASSERTIONS = NO;
				ENABLE_STRICT_OBJC_MSGSEND = YES;
				ENABLE_USER_SCRIPT_SANDBOXING = YES;
				GCC_C_LANGUAGE_STANDARD = gnu17;
				GCC_NO_COMMON_BLOCKS = YES;
				GCC_WARN_64_TO_32_BIT_CONVERSION = YES;
				GCC_WARN_ABOUT_RETURN_TYPE = YES_ERROR;
				GCC_WARN_UNDECLARED_SELECTOR = YES;
				GCC_WARN_UNINITIALIZED_AUTOS = YES_AGGRESSIVE;
				GCC_WARN_UNUSED_FUNCTION = YES;
				GCC_WARN_UNUSED_VARIABLE = YES;
				IPHONEOS_DEPLOYMENT_TARGET = 17.0;
				LOCALIZATION_PREFERS_STRING_CATALOGS = YES;
				MTL_ENABLE_DEBUG_INFO = NO;
				MTL_FAST_MATH = YES;
				SDKROOT = iphoneos;
				SWIFT_COMPILATION_MODE = wholemodule;
				VALIDATE_PRODUCT = YES;
			};
			name = Release;
		};
		8C389BBA2A3C9C5600101CC5 /* Debug */ = {
			isa = XCBuildConfiguration;
			buildSettings = {
				ASSETCATALOG_COMPILER_APPICON_NAME = AppIcon;
				ASSETCATALOG_COMPILER_GLOBAL_ACCENT_COLOR_NAME = AccentColor;
				CODE_SIGN_STYLE = Automatic;
				CURRENT_PROJECT_VERSION = 1;
				DEVELOPMENT_ASSET_PATHS = "\"Kleidung/Preview Content\"";
				DEVELOPMENT_TEAM = 3H82SYHXHY;
				ENABLE_PREVIEWS = YES;
				GENERATE_INFOPLIST_FILE = YES;
				INFOPLIST_FILE = Kleidung/Info.plist;
				INFOPLIST_KEY_NSBluetoothAlwaysUsageDescription = "Daten vom Kleidungssensor erhalten";
				INFOPLIST_KEY_UIApplicationSceneManifest_Generation = YES;
				INFOPLIST_KEY_UIApplicationSupportsIndirectInputEvents = YES;
				INFOPLIST_KEY_UILaunchScreen_Generation = YES;
				INFOPLIST_KEY_UISupportedInterfaceOrientations_iPad = "UIInterfaceOrientationPortrait UIInterfaceOrientationPortraitUpsideDown UIInterfaceOrientationLandscapeLeft UIInterfaceOrientationLandscapeRight";
				INFOPLIST_KEY_UISupportedInterfaceOrientations_iPhone = "UIInterfaceOrientationPortrait UIInterfaceOrientationLandscapeLeft UIInterfaceOrientationLandscapeRight";
				IPHONEOS_DEPLOYMENT_TARGET = 16.1;
				LD_RUNPATH_SEARCH_PATHS = (
					"$(inherited)",
					"@executable_path/Frameworks",
				);
				MARKETING_VERSION = 1.0;
				PRODUCT_BUNDLE_IDENTIFIER = "de.egn-noh.Kleidung";
				PRODUCT_NAME = "$(TARGET_NAME)";
				SWIFT_EMIT_LOC_STRINGS = YES;
				SWIFT_VERSION = 5.0;
				TARGETED_DEVICE_FAMILY = "1,2";
			};
			name = Debug;
		};
		8C389BBB2A3C9C5600101CC5 /* Release */ = {
			isa = XCBuildConfiguration;
			buildSettings = {
				ASSETCATALOG_COMPILER_APPICON_NAME = AppIcon;
				ASSETCATALOG_COMPILER_GLOBAL_ACCENT_COLOR_NAME = AccentColor;
				CODE_SIGN_STYLE = Automatic;
				CURRENT_PROJECT_VERSION = 1;
				DEVELOPMENT_ASSET_PATHS = "\"Kleidung/Preview Content\"";
				DEVELOPMENT_TEAM = 3H82SYHXHY;
				ENABLE_PREVIEWS = YES;
				GENERATE_INFOPLIST_FILE = YES;
				INFOPLIST_FILE = Kleidung/Info.plist;
				INFOPLIST_KEY_NSBluetoothAlwaysUsageDescription = "Daten vom Kleidungssensor erhalten";
				INFOPLIST_KEY_UIApplicationSceneManifest_Generation = YES;
				INFOPLIST_KEY_UIApplicationSupportsIndirectInputEvents = YES;
				INFOPLIST_KEY_UILaunchScreen_Generation = YES;
				INFOPLIST_KEY_UISupportedInterfaceOrientations_iPad = "UIInterfaceOrientationPortrait UIInterfaceOrientationPortraitUpsideDown UIInterfaceOrientationLandscapeLeft UIInterfaceOrientationLandscapeRight";
				INFOPLIST_KEY_UISupportedInterfaceOrientations_iPhone = "UIInterfaceOrientationPortrait UIInterfaceOrientationLandscapeLeft UIInterfaceOrientationLandscapeRight";
				IPHONEOS_DEPLOYMENT_TARGET = 16.1;
				LD_RUNPATH_SEARCH_PATHS = (
					"$(inherited)",
					"@executable_path/Frameworks",
				);
				MARKETING_VERSION = 1.0;
				PRODUCT_BUNDLE_IDENTIFIER = "de.egn-noh.Kleidung";
				PRODUCT_NAME = "$(TARGET_NAME)";
				SWIFT_EMIT_LOC_STRINGS = YES;
				SWIFT_VERSION = 5.0;
				TARGETED_DEVICE_FAMILY = "1,2";
			};
			name = Release;
		};
		8C389BBD2A3C9C5600101CC5 /* Debug */ = {
			isa = XCBuildConfiguration;
			buildSettings = {
				ALWAYS_EMBED_SWIFT_STANDARD_LIBRARIES = YES;
				BUNDLE_LOADER = "$(TEST_HOST)";
				CODE_SIGN_STYLE = Automatic;
				CURRENT_PROJECT_VERSION = 1;
				DEVELOPMENT_TEAM = 3H82SYHXHY;
				GENERATE_INFOPLIST_FILE = YES;
				IPHONEOS_DEPLOYMENT_TARGET = 17.0;
				MARKETING_VERSION = 1.0;
				PRODUCT_BUNDLE_IDENTIFIER = "de.egn-noh.KleidungTests";
				PRODUCT_NAME = "$(TARGET_NAME)";
				SWIFT_EMIT_LOC_STRINGS = NO;
				SWIFT_VERSION = 5.0;
				TARGETED_DEVICE_FAMILY = "1,2";
				TEST_HOST = "$(BUILT_PRODUCTS_DIR)/Kleidung.app/$(BUNDLE_EXECUTABLE_FOLDER_PATH)/Kleidung";
			};
			name = Debug;
		};
		8C389BBE2A3C9C5600101CC5 /* Release */ = {
			isa = XCBuildConfiguration;
			buildSettings = {
				ALWAYS_EMBED_SWIFT_STANDARD_LIBRARIES = YES;
				BUNDLE_LOADER = "$(TEST_HOST)";
				CODE_SIGN_STYLE = Automatic;
				CURRENT_PROJECT_VERSION = 1;
				DEVELOPMENT_TEAM = 3H82SYHXHY;
				GENERATE_INFOPLIST_FILE = YES;
				IPHONEOS_DEPLOYMENT_TARGET = 17.0;
				MARKETING_VERSION = 1.0;
				PRODUCT_BUNDLE_IDENTIFIER = "de.egn-noh.KleidungTests";
				PRODUCT_NAME = "$(TARGET_NAME)";
				SWIFT_EMIT_LOC_STRINGS = NO;
				SWIFT_VERSION = 5.0;
				TARGETED_DEVICE_FAMILY = "1,2";
				TEST_HOST = "$(BUILT_PRODUCTS_DIR)/Kleidung.app/$(BUNDLE_EXECUTABLE_FOLDER_PATH)/Kleidung";
			};
			name = Release;
		};
		8C389BC02A3C9C5600101CC5 /* Debug */ = {
			isa = XCBuildConfiguration;
			buildSettings = {
				ALWAYS_EMBED_SWIFT_STANDARD_LIBRARIES = YES;
				CODE_SIGN_STYLE = Automatic;
				CURRENT_PROJECT_VERSION = 1;
				DEVELOPMENT_TEAM = 3H82SYHXHY;
				GENERATE_INFOPLIST_FILE = YES;
				MARKETING_VERSION = 1.0;
				PRODUCT_BUNDLE_IDENTIFIER = "de.egn-noh.KleidungUITests";
				PRODUCT_NAME = "$(TARGET_NAME)";
				SWIFT_EMIT_LOC_STRINGS = NO;
				SWIFT_VERSION = 5.0;
				TARGETED_DEVICE_FAMILY = "1,2";
				TEST_TARGET_NAME = Kleidung;
			};
			name = Debug;
		};
		8C389BC12A3C9C5600101CC5 /* Release */ = {
			isa = XCBuildConfiguration;
			buildSettings = {
				ALWAYS_EMBED_SWIFT_STANDARD_LIBRARIES = YES;
				CODE_SIGN_STYLE = Automatic;
				CURRENT_PROJECT_VERSION = 1;
				DEVELOPMENT_TEAM = 3H82SYHXHY;
				GENERATE_INFOPLIST_FILE = YES;
				MARKETING_VERSION = 1.0;
				PRODUCT_BUNDLE_IDENTIFIER = "de.egn-noh.KleidungUITests";
				PRODUCT_NAME = "$(TARGET_NAME)";
				SWIFT_EMIT_LOC_STRINGS = NO;
				SWIFT_VERSION = 5.0;
				TARGETED_DEVICE_FAMILY = "1,2";
				TEST_TARGET_NAME = Kleidung;
			};
			name = Release;
		};
/* End XCBuildConfiguration section */

/* Begin XCConfigurationList section */
		8C389B902A3C9C5500101CC5 /* Build configuration list for PBXProject "Kleidung" */ = {
			isa = XCConfigurationList;
			buildConfigurations = (
				8C389BB72A3C9C5600101CC5 /* Debug */,
				8C389BB82A3C9C5600101CC5 /* Release */,
			);
			defaultConfigurationIsVisible = 0;
			defaultConfigurationName = Release;
		};
		8C389BB92A3C9C5600101CC5 /* Build configuration list for PBXNativeTarget "Kleidung" */ = {
			isa = XCConfigurationList;
			buildConfigurations = (
				8C389BBA2A3C9C5600101CC5 /* Debug */,
				8C389BBB2A3C9C5600101CC5 /* Release */,
			);
			defaultConfigurationIsVisible = 0;
			defaultConfigurationName = Release;
		};
		8C389BBC2A3C9C5600101CC5 /* Build configuration list for PBXNativeTarget "KleidungTests" */ = {
			isa = XCConfigurationList;
			buildConfigurations = (
				8C389BBD2A3C9C5600101CC5 /* Debug */,
				8C389BBE2A3C9C5600101CC5 /* Release */,
			);
			defaultConfigurationIsVisible = 0;
			defaultConfigurationName = Release;
		};
		8C389BBF2A3C9C5600101CC5 /* Build configuration list for PBXNativeTarget "KleidungUITests" */ = {
			isa = XCConfigurationList;
			buildConfigurations = (
				8C389BC02A3C9C5600101CC5 /* Debug */,
				8C389BC12A3C9C5600101CC5 /* Release */,
			);
			defaultConfigurationIsVisible = 0;
			defaultConfigurationName = Release;
		};
/* End XCConfigurationList section */

/* Begin XCRemoteSwiftPackageReference section */
		8C071AE62A3E07AD005C2FA2 /* XCRemoteSwiftPackageReference "EasyBLE" */ = {
			isa = XCRemoteSwiftPackageReference;
			repositoryURL = "https://github.com/Nickolans/EasyBLE?ref=iosexample.com";
			requirement = {
				branch = main;
				kind = branch;
			};
		};
		8C810C982A408E2800B5F28B /* XCRemoteSwiftPackageReference "EasyStash" */ = {
			isa = XCRemoteSwiftPackageReference;
			repositoryURL = "https://github.com/onmyway133/EasyStash";
			requirement = {
				kind = upToNextMajorVersion;
				minimumVersion = 1.1.8;
			};
		};
/* End XCRemoteSwiftPackageReference section */

/* Begin XCSwiftPackageProductDependency section */
		8C071AE72A3E07AD005C2FA2 /* EasyBLE */ = {
			isa = XCSwiftPackageProductDependency;
			package = 8C071AE62A3E07AD005C2FA2 /* XCRemoteSwiftPackageReference "EasyBLE" */;
			productName = EasyBLE;
		};
		8C810C992A408E2800B5F28B /* EasyStash */ = {
			isa = XCSwiftPackageProductDependency;
			package = 8C810C982A408E2800B5F28B /* XCRemoteSwiftPackageReference "EasyStash" */;
			productName = EasyStash;
		};
/* End XCSwiftPackageProductDependency section */
	};
	rootObject = 8C389B8D2A3C9C5500101CC5 /* Project object */;
}
